
Microsoft Visual Studio Solution File, Format Version 12.00
# Visual Studio 14
VisualStudioVersion = 14.0.25123.0
MinimumVisualStudioVersion = 10.0.40219.1
Project("{FAE04EC0-301F-11D3-BF4B-00C04F79EFBC}") = "WLG", "WLG\WLG.csproj", "{90F67E57-7B3A-4212-870B-D8CFD9B074EC}"
EndProject
Project("{2150E333-8FDC-42A3-9474-1A3956D46DE8}") = "WLGServer", "WLGServer", "{D544F4EE-DB5C-462B-822C-9D08FAE0D9FD}"
EndProject
Project("{FAE04EC0-301F-11D3-BF4B-00C04F79EFBC}") = "WLGServer", "WLGServer\WLGServer.csproj", "{662840D8-DA65-49AA-98D8-6AA234E8DDEE}"
EndProject
Project("{2150E333-8FDC-42A3-9474-1A3956D46DE8}") = "SDK", "SDK", "{CA78E4D0-9A1F-417D-AC77-9D929EA044A8}"
EndProject
Project("{FAE04EC0-301F-11D3-BF4B-00C04F79EFBC}") = "WLGSDK", "WLGSDK\WLGSDK.csproj", "{4A401E65-A158-4881-A4F4-8F51E2414C9F}"
EndProject
Project("{2150E333-8FDC-42A3-9474-1A3956D46DE8}") = "INSTALLER", "INSTALLER", "{09C9E787-E4E5-4162-A7C7-D09B21F152C4}"
EndProject
Project("{54435603-DBB4-11D2-8724-00A0C9A8B90C}") = "WLGINSTALLER", "WLGINSTALLER\WLGINSTALLER.vdproj", "{DC1C0E65-291D-476E-AFB3-059EDA3B92D6}"
EndProject
Project("{54435603-DBB4-11D2-8724-00A0C9A8B90C}") = "WLGSERVERINSTALLER", "WLGSERVERINSTALLER\WLGSERVERINSTALLER.vdproj", "{DD40BDD0-EF62-47E7-984B-87C957963986}"
EndProject
Project("{00D1A9C2-B5F0-4AF3-8072-F6C62B433612}") = "WLGDatabaseProject", "WLGDatabaseProject\WLGDatabaseProject.sqlproj", "{71CF427F-9764-4C62-83CF-1BE9FBCF6273}"
EndProject
Global
	GlobalSection(SolutionConfigurationPlatforms) = preSolution
		Debug|Any CPU = Debug|Any CPU
		Release|Any CPU = Release|Any CPU
	EndGlobalSection
	GlobalSection(ProjectConfigurationPlatforms) = postSolution
		{90F67E57-7B3A-4212-870B-D8CFD9B074EC}.Debug|Any CPU.ActiveCfg = Debug|Any CPU
		{90F67E57-7B3A-4212-870B-D8CFD9B074EC}.Debug|Any CPU.Build.0 = Debug|Any CPU
		{90F67E57-7B3A-4212-870B-D8CFD9B074EC}.Release|Any CPU.ActiveCfg = Release|Any CPU
		{90F67E57-7B3A-4212-870B-D8CFD9B074EC}.Release|Any CPU.Build.0 = Release|Any CPU
		{662840D8-DA65-49AA-98D8-6AA234E8DDEE}.Debug|Any CPU.ActiveCfg = Debug|Any CPU
		{662840D8-DA65-49AA-98D8-6AA234E8DDEE}.Debug|Any CPU.Build.0 = Debug|Any CPU
		{662840D8-DA65-49AA-98D8-6AA234E8DDEE}.Release|Any CPU.ActiveCfg = Release|Any CPU
		{662840D8-DA65-49AA-98D8-6AA234E8DDEE}.Release|Any CPU.Build.0 = Release|Any CPU
		{4A401E65-A158-4881-A4F4-8F51E2414C9F}.Debug|Any CPU.ActiveCfg = Debug|Any CPU
		{4A401E65-A158-4881-A4F4-8F51E2414C9F}.Debug|Any CPU.Build.0 = Debug|Any CPU
		{4A401E65-A158-4881-A4F4-8F51E2414C9F}.Release|Any CPU.ActiveCfg = Release|Any CPU
		{4A401E65-A158-4881-A4F4-8F51E2414C9F}.Release|Any CPU.Build.0 = Release|Any CPU
		{DC1C0E65-291D-476E-AFB3-059EDA3B92D6}.Debug|Any CPU.ActiveCfg = Debug
		{DC1C0E65-291D-476E-AFB3-059EDA3B92D6}.Release|Any CPU.ActiveCfg = Release
		{DD40BDD0-EF62-47E7-984B-87C957963986}.Debug|Any CPU.ActiveCfg = Debug
		{DD40BDD0-EF62-47E7-984B-87C957963986}.Release|Any CPU.ActiveCfg = Release
		{71CF427F-9764-4C62-83CF-1BE9FBCF6273}.Debug|Any CPU.ActiveCfg = Debug|Any CPU
		{71CF427F-9764-4C62-83CF-1BE9FBCF6273}.Debug|Any CPU.Build.0 = Debug|Any CPU
		{71CF427F-9764-4C62-83CF-1BE9FBCF6273}.Debug|Any CPU.Deploy.0 = Debug|Any CPU
		{71CF427F-9764-4C62-83CF-1BE9FBCF6273}.Release|Any CPU.ActiveCfg = Release|Any CPU
		{71CF427F-9764-4C62-83CF-1BE9FBCF6273}.Release|Any CPU.Build.0 = Release|Any CPU
		{71CF427F-9764-4C62-83CF-1BE9FBCF6273}.Release|Any CPU.Deploy.0 = Release|Any CPU
	EndGlobalSection
	GlobalSection(SolutionProperties) = preSolution
		HideSolutionNode = FALSE
	EndGlobalSection
	GlobalSection(NestedProjects) = preSolution
		{662840D8-DA65-49AA-98D8-6AA234E8DDEE} = {D544F4EE-DB5C-462B-822C-9D08FAE0D9FD}
		{4A401E65-A158-4881-A4F4-8F51E2414C9F} = {CA78E4D0-9A1F-417D-AC77-9D929EA044A8}
		{DC1C0E65-291D-476E-AFB3-059EDA3B92D6} = {09C9E787-E4E5-4162-A7C7-D09B21F152C4}
		{DD40BDD0-EF62-47E7-984B-87C957963986} = {09C9E787-E4E5-4162-A7C7-D09B21F152C4}
		{71CF427F-9764-4C62-83CF-1BE9FBCF6273} = {D544F4EE-DB5C-462B-822C-9D08FAE0D9FD}
	EndGlobalSection
EndGlobal
